
Microsoft Visual Studio Solution File, Format Version 12.00
# Visual Studio 15
VisualStudioVersion = 15.0.26430.6
MinimumVisualStudioVersion = 10.0.40219.1
Project("{FAE04EC0-301F-11D3-BF4B-00C04F79EFBC}") = "NFMS", "NFMS\NFMS.csproj", "{D01B78B8-6D59-42C4-99BA-79AE6E9B9258}"
EndProject
Project("{2150E333-8FDC-42A3-9474-1A3956D46DE8}") = "04Intrastructure", "04Intrastructure", "{1FD93183-BEC2-4EB7-92CB-6AF97F145A06}"
EndProject
Project("{FAE04EC0-301F-11D3-BF4B-00C04F79EFBC}") = "NFMS.Model", "NFMS.Model\NFMS.Model.csproj", "{EE0B9D78-22C4-469D-8ECE-59FBB0FFEDD2}"
EndProject
Project("{2150E333-8FDC-42A3-9474-1A3956D46DE8}") = "01UI", "01UI", "{EDFAA8D8-F4DA-4D66-8CD6-81A069DEC4E6}"
EndProject
Project("{2150E333-8FDC-42A3-9474-1A3956D46DE8}") = "05Common", "05Common", "{5768B465-624C-4172-A18B-98A84422FB74}"
EndProject
Project("{FAE04EC0-301F-11D3-BF4B-00C04F79EFBC}") = "Ioc", "Ioc\Ioc.csproj", "{1679C837-0AD8-467A-893A-61CA95237631}"
EndProject
Project("{2150E333-8FDC-42A3-9474-1A3956D46DE8}") = "03Respositry", "03Respositry", "{3F6A4EE7-D7BD-466F-83C8-E0C06AB953E3}"
EndProject
Project("{FAE04EC0-301F-11D3-BF4B-00C04F79EFBC}") = "NFMS.DALFactory", "NFMSDALFactory\NFMS.DALFactory.csproj", "{A2775C5C-3591-43FC-B111-76D183041922}"
EndProject
Project("{FAE04EC0-301F-11D3-BF4B-00C04F79EFBC}") = "NFMS.IDAL", "NFMS.IDAL\NFMS.IDAL.csproj", "{057759E5-29E8-441D-A72F-6AE47B6C22C1}"
EndProject
Project("{2150E333-8FDC-42A3-9474-1A3956D46DE8}") = "02Service", "02Service", "{A2D3C8EB-AFA3-4E37-A602-5F561A558A16}"
EndProject
Project("{FAE04EC0-301F-11D3-BF4B-00C04F79EFBC}") = "NFMS.BLL", "NFMS.BLL\NFMS.BLL.csproj", "{62CE18AB-7854-4587-9233-CB6F878B039E}"
EndProject
Project("{FAE04EC0-301F-11D3-BF4B-00C04F79EFBC}") = "NFMS.IBLL", "NFMS.IBLL\NFMS.IBLL.csproj", "{D12CB602-A58D-4EC1-9ADA-E658594FAD76}"
EndProject
Project("{FAE04EC0-301F-11D3-BF4B-00C04F79EFBC}") = "NFMS.DALMYSQL", "NFMS.DALSQLSER\NFMS.DALMYSQL.csproj", "{11B0364F-09C7-4DB5-8413-93DD1DBE6B41}"
EndProject
Project("{FAE04EC0-301F-11D3-BF4B-00C04F79EFBC}") = "BaseExpand", "BaseExpand\BaseExpand.csproj", "{72972845-59F8-49E5-821F-C041F7A57EBC}"
EndProject
Project("{FAE04EC0-301F-11D3-BF4B-00C04F79EFBC}") = "NFMS.ViewModel", "ViewModel\NFMS.ViewModel.csproj", "{2903FEE0-DE53-44B2-A917-3CA4512B6FA1}"
EndProject
Global
	GlobalSection(SolutionConfigurationPlatforms) = preSolution
		Debug|Any CPU = Debug|Any CPU
		Release|Any CPU = Release|Any CPU
	EndGlobalSection
	GlobalSection(ProjectConfigurationPlatforms) = postSolution
		{D01B78B8-6D59-42C4-99BA-79AE6E9B9258}.Debug|Any CPU.ActiveCfg = Debug|Any CPU
		{D01B78B8-6D59-42C4-99BA-79AE6E9B9258}.Debug|Any CPU.Build.0 = Debug|Any CPU
		{D01B78B8-6D59-42C4-99BA-79AE6E9B9258}.Release|Any CPU.ActiveCfg = Release|Any CPU
		{D01B78B8-6D59-42C4-99BA-79AE6E9B9258}.Release|Any CPU.Build.0 = Release|Any CPU
		{EE0B9D78-22C4-469D-8ECE-59FBB0FFEDD2}.Debug|Any CPU.ActiveCfg = Debug|Any CPU
		{EE0B9D78-22C4-469D-8ECE-59FBB0FFEDD2}.Debug|Any CPU.Build.0 = Debug|Any CPU
		{EE0B9D78-22C4-469D-8ECE-59FBB0FFEDD2}.Release|Any CPU.ActiveCfg = Release|Any CPU
		{EE0B9D78-22C4-469D-8ECE-59FBB0FFEDD2}.Release|Any CPU.Build.0 = Release|Any CPU
		{1679C837-0AD8-467A-893A-61CA95237631}.Debug|Any CPU.ActiveCfg = Debug|Any CPU
		{1679C837-0AD8-467A-893A-61CA95237631}.Debug|Any CPU.Build.0 = Debug|Any CPU
		{1679C837-0AD8-467A-893A-61CA95237631}.Release|Any CPU.ActiveCfg = Release|Any CPU
		{1679C837-0AD8-467A-893A-61CA95237631}.Release|Any CPU.Build.0 = Release|Any CPU
		{A2775C5C-3591-43FC-B111-76D183041922}.Debug|Any CPU.ActiveCfg = Debug|Any CPU
		{A2775C5C-3591-43FC-B111-76D183041922}.Debug|Any CPU.Build.0 = Debug|Any CPU
		{A2775C5C-3591-43FC-B111-76D183041922}.Release|Any CPU.ActiveCfg = Release|Any CPU
		{A2775C5C-3591-43FC-B111-76D183041922}.Release|Any CPU.Build.0 = Release|Any CPU
		{057759E5-29E8-441D-A72F-6AE47B6C22C1}.Debug|Any CPU.ActiveCfg = Debug|Any CPU
		{057759E5-29E8-441D-A72F-6AE47B6C22C1}.Debug|Any CPU.Build.0 = Debug|Any CPU
		{057759E5-29E8-441D-A72F-6AE47B6C22C1}.Release|Any CPU.ActiveCfg = Release|Any CPU
		{057759E5-29E8-441D-A72F-6AE47B6C22C1}.Release|Any CPU.Build.0 = Release|Any CPU
		{62CE18AB-7854-4587-9233-CB6F878B039E}.Debug|Any CPU.ActiveCfg = Debug|Any CPU
		{62CE18AB-7854-4587-9233-CB6F878B039E}.Debug|Any CPU.Build.0 = Debug|Any CPU
		{62CE18AB-7854-4587-9233-CB6F878B039E}.Release|Any CPU.ActiveCfg = Release|Any CPU
		{62CE18AB-7854-4587-9233-CB6F878B039E}.Release|Any CPU.Build.0 = Release|Any CPU
		{D12CB602-A58D-4EC1-9ADA-E658594FAD76}.Debug|Any CPU.ActiveCfg = Debug|Any CPU
		{D12CB602-A58D-4EC1-9ADA-E658594FAD76}.Debug|Any CPU.Build.0 = Debug|Any CPU
		{D12CB602-A58D-4EC1-9ADA-E658594FAD76}.Release|Any CPU.ActiveCfg = Release|Any CPU
		{D12CB602-A58D-4EC1-9ADA-E658594FAD76}.Release|Any CPU.Build.0 = Release|Any CPU
		{11B0364F-09C7-4DB5-8413-93DD1DBE6B41}.Debug|Any CPU.ActiveCfg = Debug|Any CPU
		{11B0364F-09C7-4DB5-8413-93DD1DBE6B41}.Debug|Any CPU.Build.0 = Debug|Any CPU
		{11B0364F-09C7-4DB5-8413-93DD1DBE6B41}.Release|Any CPU.ActiveCfg = Release|Any CPU
		{11B0364F-09C7-4DB5-8413-93DD1DBE6B41}.Release|Any CPU.Build.0 = Release|Any CPU
		{72972845-59F8-49E5-821F-C041F7A57EBC}.Debug|Any CPU.ActiveCfg = Debug|Any CPU
		{72972845-59F8-49E5-821F-C041F7A57EBC}.Debug|Any CPU.Build.0 = Debug|Any CPU
		{72972845-59F8-49E5-821F-C041F7A57EBC}.Release|Any CPU.ActiveCfg = Release|Any CPU
		{72972845-59F8-49E5-821F-C041F7A57EBC}.Release|Any CPU.Build.0 = Release|Any CPU
		{2903FEE0-DE53-44B2-A917-3CA4512B6FA1}.Debug|Any CPU.ActiveCfg = Debug|Any CPU
		{2903FEE0-DE53-44B2-A917-3CA4512B6FA1}.Debug|Any CPU.Build.0 = Debug|Any CPU
		{2903FEE0-DE53-44B2-A917-3CA4512B6FA1}.Release|Any CPU.ActiveCfg = Release|Any CPU
		{2903FEE0-DE53-44B2-A917-3CA4512B6FA1}.Release|Any CPU.Build.0 = Release|Any CPU
	EndGlobalSection
	GlobalSection(SolutionProperties) = preSolution
		HideSolutionNode = FALSE
	EndGlobalSection
	GlobalSection(NestedProjects) = preSolution
		{D01B78B8-6D59-42C4-99BA-79AE6E9B9258} = {EDFAA8D8-F4DA-4D66-8CD6-81A069DEC4E6}
		{EE0B9D78-22C4-469D-8ECE-59FBB0FFEDD2} = {1FD93183-BEC2-4EB7-92CB-6AF97F145A06}
		{1679C837-0AD8-467A-893A-61CA95237631} = {5768B465-624C-4172-A18B-98A84422FB74}
		{A2775C5C-3591-43FC-B111-76D183041922} = {3F6A4EE7-D7BD-466F-83C8-E0C06AB953E3}
		{057759E5-29E8-441D-A72F-6AE47B6C22C1} = {3F6A4EE7-D7BD-466F-83C8-E0C06AB953E3}
		{62CE18AB-7854-4587-9233-CB6F878B039E} = {A2D3C8EB-AFA3-4E37-A602-5F561A558A16}
		{D12CB602-A58D-4EC1-9ADA-E658594FAD76} = {A2D3C8EB-AFA3-4E37-A602-5F561A558A16}
		{11B0364F-09C7-4DB5-8413-93DD1DBE6B41} = {3F6A4EE7-D7BD-466F-83C8-E0C06AB953E3}
		{72972845-59F8-49E5-821F-C041F7A57EBC} = {5768B465-624C-4172-A18B-98A84422FB74}
		{2903FEE0-DE53-44B2-A917-3CA4512B6FA1} = {1FD93183-BEC2-4EB7-92CB-6AF97F145A06}
	EndGlobalSection
EndGlobal
